
Microsoft Visual Studio Solution File, Format Version 12.00
# Visual Studio Version 17
VisualStudioVersion = 17.11.35312.102
MinimumVisualStudioVersion = 10.0.40219.1
Project("{9A19103F-16F7-4668-BE54-9A1E7A4F7556}") = "EmployeeManagementAPI", "EmployeeManagementAPI.csproj", "{BC281AA4-64E8-4ACE-9E0C-9DCAD70D3DB2}"
EndProject
Global
	GlobalSection(SolutionConfigurationPlatforms) = preSolution
		Debug|Any CPU = Debug|Any CPU
		Release|Any CPU = Release|Any CPU
	EndGlobalSection
	GlobalSection(ProjectConfigurationPlatforms) = postSolution
		{BC281AA4-64E8-4ACE-9E0C-9DCAD70D3DB2}.Debug|Any CPU.ActiveCfg = Debug|Any CPU
		{BC281AA4-64E8-4ACE-9E0C-9DCAD70D3DB2}.Debug|Any CPU.Build.0 = Debug|Any CPU
		{BC281AA4-64E8-4ACE-9E0C-9DCAD70D3DB2}.Release|Any CPU.ActiveCfg = Release|Any CPU
		{BC281AA4-64E8-4ACE-9E0C-9DCAD70D3DB2}.Release|Any CPU.Build.0 = Release|Any CPU
	EndGlobalSection
	GlobalSection(SolutionProperties) = preSolution
		HideSolutionNode = FALSE
	EndGlobalSection
	GlobalSection(ExtensibilityGlobals) = postSolution
		SolutionGuid = {30ED1879-B5BE-480D-8798-E54E8589AB06}
	EndGlobalSection
EndGlobal
